Microsoft Visual Studio Solution File, Format Version 11.00
# Visual Studio 2008

Project("{DC8E8003-DACF-10E9-1AF0-6BBF4269E3DA}") = "ShoothingGame2016", "Assembly-CSharp.csproj", "{2A6BAB71-ACB6-67A5-C620-C7958245239C}"
EndProject
Project("{DC8E8003-DACF-10E9-1AF0-6BBF4269E3DA}") = "ShoothingGame2016", "Assembly-CSharp-Editor.csproj", "{9EE41371-5A5E-2F3C-B567-C53D89EF6C4A}"
EndProject
Global
	GlobalSection(SolutionConfigurationPlatforms) = preSolution
		Debug|Any CPU = Debug|Any CPU
		Release|Any CPU = Release|Any CPU
	EndGlobalSection
	GlobalSection(ProjectConfigurationPlatforms) = postSolution
		{2A6BAB71-ACB6-67A5-C620-C7958245239C}.Debug|Any CPU.ActiveCfg = Debug|Any CPU
		{2A6BAB71-ACB6-67A5-C620-C7958245239C}.Debug|Any CPU.Build.0 = Debug|Any CPU
		{2A6BAB71-ACB6-67A5-C620-C7958245239C}.Release|Any CPU.ActiveCfg = Release|Any CPU
		{2A6BAB71-ACB6-67A5-C620-C7958245239C}.Release|Any CPU.Build.0 = Release|Any CPU
		{9EE41371-5A5E-2F3C-B567-C53D89EF6C4A}.Debug|Any CPU.ActiveCfg = Debug|Any CPU
		{9EE41371-5A5E-2F3C-B567-C53D89EF6C4A}.Debug|Any CPU.Build.0 = Debug|Any CPU
		{9EE41371-5A5E-2F3C-B567-C53D89EF6C4A}.Release|Any CPU.ActiveCfg = Release|Any CPU
		{9EE41371-5A5E-2F3C-B567-C53D89EF6C4A}.Release|Any CPU.Build.0 = Release|Any CPU
	EndGlobalSection
	GlobalSection(SolutionProperties) = preSolution
		HideSolutionNode = FALSE
	EndGlobalSection
	GlobalSection(MonoDevelopProperties) = preSolution
		StartupItem = Assembly-CSharp.csproj
	EndGlobalSection
EndGlobal
